
Microsoft Visual Studio Solution File, Format Version 12.00
# Visual Studio Version 17
VisualStudioVersion = 17.0.31903.59
MinimumVisualStudioVersion = 10.0.40219.1
Project("{2150E333-8FDC-42A3-9474-1A3956D46DE8}") = "src", "src", "{4F7421DD-31E9-49CA-ABB8-A6B51FC064F6}"
EndProject
Project("{FAE04EC0-301F-11D3-BF4B-00C04F79EFBC}") = "Common", "src\Common\Common.csproj", "{C0DC5518-A56D-41AF-84DA-40FEB333031B}"
EndProject
Project("{FAE04EC0-301F-11D3-BF4B-00C04F79EFBC}") = "Lab1", "src\Lab1\Lab1.csproj", "{4546DD7B-942E-42A2-9760-A60F98B1D5F8}"
EndProject
Project("{FAE04EC0-301F-11D3-BF4B-00C04F79EFBC}") = "Lab2", "src\Lab2\Lab2.csproj", "{5744ED45-15FD-4908-8F3D-C844DC26BC9E}"
EndProject
Project("{FAE04EC0-301F-11D3-BF4B-00C04F79EFBC}") = "Lab3", "src\Lab3\Lab3.csproj", "{0CD569D7-1ED4-4397-ACD8-F4806CA38E38}"
EndProject
Project("{FAE04EC0-301F-11D3-BF4B-00C04F79EFBC}") = "Lab4", "src\Lab4\Lab4.csproj", "{0BFB4320-3DCB-460F-9427-EE0316CF4922}"
EndProject
Project("{FAE04EC0-301F-11D3-BF4B-00C04F79EFBC}") = "Lab5", "src\Lab5\Lab5.csproj", "{88DD1532-3D71-4990-99A2-FF3B8B28334D}"
EndProject
Project("{FAE04EC0-301F-11D3-BF4B-00C04F79EFBC}") = "Lab6", "src\Lab6\Lab6.csproj", "{2CB9288C-5F03-493B-AB87-2E4AF3EF8B5B}"
EndProject
Project("{2150E333-8FDC-42A3-9474-1A3956D46DE8}") = "plugins", "plugins", "{6C161B8E-90E2-43D7-9A01-A50EA6251468}"
EndProject
Project("{FAE04EC0-301F-11D3-BF4B-00C04F79EFBC}") = "Entity.Cyclist", "plugins\Entity.Cyclist\Entity.Cyclist.csproj", "{E7A90797-A560-421E-BE9C-EF3B7294C580}"
EndProject
Project("{FAE04EC0-301F-11D3-BF4B-00C04F79EFBC}") = "Storage.Checksum", "plugins\Storage.Checksum\Storage.Checksum.csproj", "{DDD25196-7BE6-4F81-8145-18BB60A00D85}"
EndProject
Project("{FAE04EC0-301F-11D3-BF4B-00C04F79EFBC}") = "Storage.GZip", "plugins\Storage.GZip\Storage.GZip.csproj", "{E76AB09D-6245-4C1C-BCE0-B4404FEAABEA}"
EndProject
Project("{FAE04EC0-301F-11D3-BF4B-00C04F79EFBC}") = "Friend.LegacyBase64", "plugins\Friend.LegacyBase64\Friend.LegacyBase64.csproj", "{437ADD57-17F6-4B3E-A036-FD0E1ACDE82D}"
EndProject
Project("{FAE04EC0-301F-11D3-BF4B-00C04F79EFBC}") = "Adapter.LegacyBase64", "plugins\Adapter.LegacyBase64\Adapter.LegacyBase64.csproj", "{B47DDBE0-C269-4E9B-9240-4FC0B18337EC}"
EndProject
Global
	GlobalSection(SolutionConfigurationPlatforms) = preSolution
		Debug|Any CPU = Debug|Any CPU
		Release|Any CPU = Release|Any CPU
	EndGlobalSection
	GlobalSection(SolutionProperties) = preSolution
		HideSolutionNode = FALSE
	EndGlobalSection
	GlobalSection(ProjectConfigurationPlatforms) = postSolution
		{C0DC5518-A56D-41AF-84DA-40FEB333031B}.Debug|Any CPU.ActiveCfg = Debug|Any CPU
		{C0DC5518-A56D-41AF-84DA-40FEB333031B}.Debug|Any CPU.Build.0 = Debug|Any CPU
		{C0DC5518-A56D-41AF-84DA-40FEB333031B}.Release|Any CPU.ActiveCfg = Release|Any CPU
		{C0DC5518-A56D-41AF-84DA-40FEB333031B}.Release|Any CPU.Build.0 = Release|Any CPU
		{4546DD7B-942E-42A2-9760-A60F98B1D5F8}.Debug|Any CPU.ActiveCfg = Debug|Any CPU
		{4546DD7B-942E-42A2-9760-A60F98B1D5F8}.Debug|Any CPU.Build.0 = Debug|Any CPU
		{4546DD7B-942E-42A2-9760-A60F98B1D5F8}.Release|Any CPU.ActiveCfg = Release|Any CPU
		{4546DD7B-942E-42A2-9760-A60F98B1D5F8}.Release|Any CPU.Build.0 = Release|Any CPU
		{5744ED45-15FD-4908-8F3D-C844DC26BC9E}.Debug|Any CPU.ActiveCfg = Debug|Any CPU
		{5744ED45-15FD-4908-8F3D-C844DC26BC9E}.Debug|Any CPU.Build.0 = Debug|Any CPU
		{5744ED45-15FD-4908-8F3D-C844DC26BC9E}.Release|Any CPU.ActiveCfg = Release|Any CPU
		{5744ED45-15FD-4908-8F3D-C844DC26BC9E}.Release|Any CPU.Build.0 = Release|Any CPU
		{0CD569D7-1ED4-4397-ACD8-F4806CA38E38}.Debug|Any CPU.ActiveCfg = Debug|Any CPU
		{0CD569D7-1ED4-4397-ACD8-F4806CA38E38}.Debug|Any CPU.Build.0 = Debug|Any CPU
		{0CD569D7-1ED4-4397-ACD8-F4806CA38E38}.Release|Any CPU.ActiveCfg = Release|Any CPU
		{0CD569D7-1ED4-4397-ACD8-F4806CA38E38}.Release|Any CPU.Build.0 = Release|Any CPU
		{0BFB4320-3DCB-460F-9427-EE0316CF4922}.Debug|Any CPU.ActiveCfg = Debug|Any CPU
		{0BFB4320-3DCB-460F-9427-EE0316CF4922}.Debug|Any CPU.Build.0 = Debug|Any CPU
		{0BFB4320-3DCB-460F-9427-EE0316CF4922}.Release|Any CPU.ActiveCfg = Release|Any CPU
		{0BFB4320-3DCB-460F-9427-EE0316CF4922}.Release|Any CPU.Build.0 = Release|Any CPU
		{88DD1532-3D71-4990-99A2-FF3B8B28334D}.Debug|Any CPU.ActiveCfg = Debug|Any CPU
		{88DD1532-3D71-4990-99A2-FF3B8B28334D}.Debug|Any CPU.Build.0 = Debug|Any CPU
		{88DD1532-3D71-4990-99A2-FF3B8B28334D}.Release|Any CPU.ActiveCfg = Release|Any CPU
		{88DD1532-3D71-4990-99A2-FF3B8B28334D}.Release|Any CPU.Build.0 = Release|Any CPU
		{2CB9288C-5F03-493B-AB87-2E4AF3EF8B5B}.Debug|Any CPU.ActiveCfg = Debug|Any CPU
		{2CB9288C-5F03-493B-AB87-2E4AF3EF8B5B}.Debug|Any CPU.Build.0 = Debug|Any CPU
		{2CB9288C-5F03-493B-AB87-2E4AF3EF8B5B}.Release|Any CPU.ActiveCfg = Release|Any CPU
		{2CB9288C-5F03-493B-AB87-2E4AF3EF8B5B}.Release|Any CPU.Build.0 = Release|Any CPU
		{E7A90797-A560-421E-BE9C-EF3B7294C580}.Debug|Any CPU.ActiveCfg = Debug|Any CPU
		{E7A90797-A560-421E-BE9C-EF3B7294C580}.Debug|Any CPU.Build.0 = Debug|Any CPU
		{E7A90797-A560-421E-BE9C-EF3B7294C580}.Release|Any CPU.ActiveCfg = Release|Any CPU
		{E7A90797-A560-421E-BE9C-EF3B7294C580}.Release|Any CPU.Build.0 = Release|Any CPU
		{DDD25196-7BE6-4F81-8145-18BB60A00D85}.Debug|Any CPU.ActiveCfg = Debug|Any CPU
		{DDD25196-7BE6-4F81-8145-18BB60A00D85}.Debug|Any CPU.Build.0 = Debug|Any CPU
		{DDD25196-7BE6-4F81-8145-18BB60A00D85}.Release|Any CPU.ActiveCfg = Release|Any CPU
		{DDD25196-7BE6-4F81-8145-18BB60A00D85}.Release|Any CPU.Build.0 = Release|Any CPU
		{E76AB09D-6245-4C1C-BCE0-B4404FEAABEA}.Debug|Any CPU.ActiveCfg = Debug|Any CPU
		{E76AB09D-6245-4C1C-BCE0-B4404FEAABEA}.Debug|Any CPU.Build.0 = Debug|Any CPU
		{E76AB09D-6245-4C1C-BCE0-B4404FEAABEA}.Release|Any CPU.ActiveCfg = Release|Any CPU
		{E76AB09D-6245-4C1C-BCE0-B4404FEAABEA}.Release|Any CPU.Build.0 = Release|Any CPU
		{437ADD57-17F6-4B3E-A036-FD0E1ACDE82D}.Debug|Any CPU.ActiveCfg = Debug|Any CPU
		{437ADD57-17F6-4B3E-A036-FD0E1ACDE82D}.Debug|Any CPU.Build.0 = Debug|Any CPU
		{437ADD57-17F6-4B3E-A036-FD0E1ACDE82D}.Release|Any CPU.ActiveCfg = Release|Any CPU
		{437ADD57-17F6-4B3E-A036-FD0E1ACDE82D}.Release|Any CPU.Build.0 = Release|Any CPU
		{B47DDBE0-C269-4E9B-9240-4FC0B18337EC}.Debug|Any CPU.ActiveCfg = Debug|Any CPU
		{B47DDBE0-C269-4E9B-9240-4FC0B18337EC}.Debug|Any CPU.Build.0 = Debug|Any CPU
		{B47DDBE0-C269-4E9B-9240-4FC0B18337EC}.Release|Any CPU.ActiveCfg = Release|Any CPU
		{B47DDBE0-C269-4E9B-9240-4FC0B18337EC}.Release|Any CPU.Build.0 = Release|Any CPU
	EndGlobalSection
	GlobalSection(NestedProjects) = preSolution
		{C0DC5518-A56D-41AF-84DA-40FEB333031B} = {4F7421DD-31E9-49CA-ABB8-A6B51FC064F6}
		{4546DD7B-942E-42A2-9760-A60F98B1D5F8} = {4F7421DD-31E9-49CA-ABB8-A6B51FC064F6}
		{5744ED45-15FD-4908-8F3D-C844DC26BC9E} = {4F7421DD-31E9-49CA-ABB8-A6B51FC064F6}
		{0CD569D7-1ED4-4397-ACD8-F4806CA38E38} = {4F7421DD-31E9-49CA-ABB8-A6B51FC064F6}
		{0BFB4320-3DCB-460F-9427-EE0316CF4922} = {4F7421DD-31E9-49CA-ABB8-A6B51FC064F6}
		{88DD1532-3D71-4990-99A2-FF3B8B28334D} = {4F7421DD-31E9-49CA-ABB8-A6B51FC064F6}
		{2CB9288C-5F03-493B-AB87-2E4AF3EF8B5B} = {4F7421DD-31E9-49CA-ABB8-A6B51FC064F6}
		{E7A90797-A560-421E-BE9C-EF3B7294C580} = {6C161B8E-90E2-43D7-9A01-A50EA6251468}
		{DDD25196-7BE6-4F81-8145-18BB60A00D85} = {6C161B8E-90E2-43D7-9A01-A50EA6251468}
		{E76AB09D-6245-4C1C-BCE0-B4404FEAABEA} = {6C161B8E-90E2-43D7-9A01-A50EA6251468}
		{437ADD57-17F6-4B3E-A036-FD0E1ACDE82D} = {6C161B8E-90E2-43D7-9A01-A50EA6251468}
		{B47DDBE0-C269-4E9B-9240-4FC0B18337EC} = {6C161B8E-90E2-43D7-9A01-A50EA6251468}
	EndGlobalSection
EndGlobal
