
Microsoft Visual Studio Solution File, Format Version 12.00
# Visual Studio Version 17
VisualStudioVersion = 17.0.31903.59
MinimumVisualStudioVersion = 10.0.40219.1
Project("{FAE04EC0-301F-11D3-BF4B-00C04F79EFBC}") = "Common", "Shared\Common.csproj", "{22F8D583-E9E6-4B08-81B4-D5608AEE64C8}"
EndProject
Project("{FAE04EC0-301F-11D3-BF4B-00C04F79EFBC}") = "Lab1", "Lab1\Lab1.csproj", "{0104FCD6-1C66-4534-838F-78227A2841DB}"
EndProject
Project("{FAE04EC0-301F-11D3-BF4B-00C04F79EFBC}") = "Lab2", "Lab2\Lab2.csproj", "{7CE2172E-7A30-4260-B7CE-FEB85A764E8C}"
EndProject
Project("{FAE04EC0-301F-11D3-BF4B-00C04F79EFBC}") = "Lab3", "Lab3\Lab3.csproj", "{BB1D06EB-5E45-4975-AF64-7F218C73D8FB}"
EndProject
Project("{FAE04EC0-301F-11D3-BF4B-00C04F79EFBC}") = "Lab4", "Lab4\Lab4.csproj", "{DFDA020C-AAFC-4513-AD25-D4613615D417}"
EndProject
Project("{FAE04EC0-301F-11D3-BF4B-00C04F79EFBC}") = "Lab5", "Lab5\Lab5.csproj", "{D1D24713-0AE1-473D-A770-162A64012910}"
EndProject
Project("{FAE04EC0-301F-11D3-BF4B-00C04F79EFBC}") = "Lab6", "Lab6\Lab6.csproj", "{05E113F8-55DD-4BA5-9867-D8449992BB27}"
EndProject
Project("{FAE04EC0-301F-11D3-BF4B-00C04F79EFBC}") = "Entity.Cyclist", "Lab4\Plugins\Entity.Cyclist\Entity.Cyclist.csproj", "{453D82EE-82FB-4D25-AB2E-7862BC134268}"
EndProject
Project("{FAE04EC0-301F-11D3-BF4B-00C04F79EFBC}") = "Storage.Checksum", "Lab5\Plugins\Storage.Checksum\Storage.Checksum.csproj", "{5F5179B0-A4CA-4B4D-937B-547A763B9BE0}"
EndProject
Project("{FAE04EC0-301F-11D3-BF4B-00C04F79EFBC}") = "Storage.GZip", "Lab5\Plugins\Storage.GZip\Storage.GZip.csproj", "{D66B142B-30EE-4C13-8209-FA0600D6F6C7}"
EndProject
Project("{FAE04EC0-301F-11D3-BF4B-00C04F79EFBC}") = "Friend.LegacyBase64", "Lab6\Plugins\Friend.LegacyBase64\Friend.LegacyBase64.csproj", "{35B4EEB8-59CF-4218-A836-BF116DA90357}"
EndProject
Project("{FAE04EC0-301F-11D3-BF4B-00C04F79EFBC}") = "Adapter.LegacyBase64", "Lab6\Plugins\Adapter.LegacyBase64\Adapter.LegacyBase64.csproj", "{15C5EC5F-A871-4373-9000-207F9F13E2FA}"
EndProject
Global
	GlobalSection(SolutionConfigurationPlatforms) = preSolution
		Debug|Any CPU = Debug|Any CPU
		Release|Any CPU = Release|Any CPU
	EndGlobalSection
	GlobalSection(SolutionProperties) = preSolution
		HideSolutionNode = FALSE
	EndGlobalSection
	GlobalSection(ProjectConfigurationPlatforms) = postSolution
		{22F8D583-E9E6-4B08-81B4-D5608AEE64C8}.Debug|Any CPU.ActiveCfg = Debug|Any CPU
		{22F8D583-E9E6-4B08-81B4-D5608AEE64C8}.Debug|Any CPU.Build.0 = Debug|Any CPU
		{22F8D583-E9E6-4B08-81B4-D5608AEE64C8}.Release|Any CPU.ActiveCfg = Release|Any CPU
		{22F8D583-E9E6-4B08-81B4-D5608AEE64C8}.Release|Any CPU.Build.0 = Release|Any CPU
		{0104FCD6-1C66-4534-838F-78227A2841DB}.Debug|Any CPU.ActiveCfg = Debug|Any CPU
		{0104FCD6-1C66-4534-838F-78227A2841DB}.Debug|Any CPU.Build.0 = Debug|Any CPU
		{0104FCD6-1C66-4534-838F-78227A2841DB}.Release|Any CPU.ActiveCfg = Release|Any CPU
		{0104FCD6-1C66-4534-838F-78227A2841DB}.Release|Any CPU.Build.0 = Release|Any CPU
		{7CE2172E-7A30-4260-B7CE-FEB85A764E8C}.Debug|Any CPU.ActiveCfg = Debug|Any CPU
		{7CE2172E-7A30-4260-B7CE-FEB85A764E8C}.Debug|Any CPU.Build.0 = Debug|Any CPU
		{7CE2172E-7A30-4260-B7CE-FEB85A764E8C}.Release|Any CPU.ActiveCfg = Release|Any CPU
		{7CE2172E-7A30-4260-B7CE-FEB85A764E8C}.Release|Any CPU.Build.0 = Release|Any CPU
		{BB1D06EB-5E45-4975-AF64-7F218C73D8FB}.Debug|Any CPU.ActiveCfg = Debug|Any CPU
		{BB1D06EB-5E45-4975-AF64-7F218C73D8FB}.Debug|Any CPU.Build.0 = Debug|Any CPU
		{BB1D06EB-5E45-4975-AF64-7F218C73D8FB}.Release|Any CPU.ActiveCfg = Release|Any CPU
		{BB1D06EB-5E45-4975-AF64-7F218C73D8FB}.Release|Any CPU.Build.0 = Release|Any CPU
		{DFDA020C-AAFC-4513-AD25-D4613615D417}.Debug|Any CPU.ActiveCfg = Debug|Any CPU
		{DFDA020C-AAFC-4513-AD25-D4613615D417}.Debug|Any CPU.Build.0 = Debug|Any CPU
		{DFDA020C-AAFC-4513-AD25-D4613615D417}.Release|Any CPU.ActiveCfg = Release|Any CPU
		{DFDA020C-AAFC-4513-AD25-D4613615D417}.Release|Any CPU.Build.0 = Release|Any CPU
		{D1D24713-0AE1-473D-A770-162A64012910}.Debug|Any CPU.ActiveCfg = Debug|Any CPU
		{D1D24713-0AE1-473D-A770-162A64012910}.Debug|Any CPU.Build.0 = Debug|Any CPU
		{D1D24713-0AE1-473D-A770-162A64012910}.Release|Any CPU.ActiveCfg = Release|Any CPU
		{D1D24713-0AE1-473D-A770-162A64012910}.Release|Any CPU.Build.0 = Release|Any CPU
		{05E113F8-55DD-4BA5-9867-D8449992BB27}.Debug|Any CPU.ActiveCfg = Debug|Any CPU
		{05E113F8-55DD-4BA5-9867-D8449992BB27}.Debug|Any CPU.Build.0 = Debug|Any CPU
		{05E113F8-55DD-4BA5-9867-D8449992BB27}.Release|Any CPU.ActiveCfg = Release|Any CPU
		{05E113F8-55DD-4BA5-9867-D8449992BB27}.Release|Any CPU.Build.0 = Release|Any CPU
		{453D82EE-82FB-4D25-AB2E-7862BC134268}.Debug|Any CPU.ActiveCfg = Debug|Any CPU
		{453D82EE-82FB-4D25-AB2E-7862BC134268}.Debug|Any CPU.Build.0 = Debug|Any CPU
		{453D82EE-82FB-4D25-AB2E-7862BC134268}.Release|Any CPU.ActiveCfg = Release|Any CPU
		{453D82EE-82FB-4D25-AB2E-7862BC134268}.Release|Any CPU.Build.0 = Release|Any CPU
		{5F5179B0-A4CA-4B4D-937B-547A763B9BE0}.Debug|Any CPU.ActiveCfg = Debug|Any CPU
		{5F5179B0-A4CA-4B4D-937B-547A763B9BE0}.Debug|Any CPU.Build.0 = Debug|Any CPU
		{5F5179B0-A4CA-4B4D-937B-547A763B9BE0}.Release|Any CPU.ActiveCfg = Release|Any CPU
		{5F5179B0-A4CA-4B4D-937B-547A763B9BE0}.Release|Any CPU.Build.0 = Release|Any CPU
		{D66B142B-30EE-4C13-8209-FA0600D6F6C7}.Debug|Any CPU.ActiveCfg = Debug|Any CPU
		{D66B142B-30EE-4C13-8209-FA0600D6F6C7}.Debug|Any CPU.Build.0 = Debug|Any CPU
		{D66B142B-30EE-4C13-8209-FA0600D6F6C7}.Release|Any CPU.ActiveCfg = Release|Any CPU
		{D66B142B-30EE-4C13-8209-FA0600D6F6C7}.Release|Any CPU.Build.0 = Release|Any CPU
		{35B4EEB8-59CF-4218-A836-BF116DA90357}.Debug|Any CPU.ActiveCfg = Debug|Any CPU
		{35B4EEB8-59CF-4218-A836-BF116DA90357}.Debug|Any CPU.Build.0 = Debug|Any CPU
		{35B4EEB8-59CF-4218-A836-BF116DA90357}.Release|Any CPU.ActiveCfg = Release|Any CPU
		{35B4EEB8-59CF-4218-A836-BF116DA90357}.Release|Any CPU.Build.0 = Release|Any CPU
		{15C5EC5F-A871-4373-9000-207F9F13E2FA}.Debug|Any CPU.ActiveCfg = Debug|Any CPU
		{15C5EC5F-A871-4373-9000-207F9F13E2FA}.Debug|Any CPU.Build.0 = Debug|Any CPU
		{15C5EC5F-A871-4373-9000-207F9F13E2FA}.Release|Any CPU.ActiveCfg = Release|Any CPU
		{15C5EC5F-A871-4373-9000-207F9F13E2FA}.Release|Any CPU.Build.0 = Release|Any CPU
	EndGlobalSection
EndGlobal
